
Microsoft Visual Studio Solution File, Format Version 12.00
# Visual Studio Version 17
VisualStudioVersion = 17.10.34707.107
MinimumVisualStudioVersion = 10.0.40219.1
Project("{FAE04EC0-301F-11D3-BF4B-00C04F79EFBC}") = "mGBAHttpServerExamples", "mGBAHttpServerExamples.csproj", "{EDC3464B-7E23-418A-90B6-F82FE1162DB1}"
EndProject
Global
	GlobalSection(SolutionConfigurationPlatforms) = preSolution
		Debug|Any CPU = Debug|Any CPU
		Release|Any CPU = Release|Any CPU
	EndGlobalSection
	GlobalSection(ProjectConfigurationPlatforms) = postSolution
		{EDC3464B-7E23-418A-90B6-F82FE1162DB1}.Debug|Any CPU.ActiveCfg = Debug|Any CPU
		{EDC3464B-7E23-418A-90B6-F82FE1162DB1}.Debug|Any CPU.Build.0 = Debug|Any CPU
		{EDC3464B-7E23-418A-90B6-F82FE1162DB1}.Release|Any CPU.ActiveCfg = Release|Any CPU
		{EDC3464B-7E23-418A-90B6-F82FE1162DB1}.Release|Any CPU.Build.0 = Release|Any CPU
	EndGlobalSection
	GlobalSection(SolutionProperties) = preSolution
		HideSolutionNode = FALSE
	EndGlobalSection
	GlobalSection(ExtensibilityGlobals) = postSolution
		SolutionGuid = {1AA71D59-F1A6-437B-B6C3-E5E8E1F5B4ED}
	EndGlobalSection
EndGlobal
