
Microsoft Visual Studio Solution File, Format Version 12.00
# Visual Studio Version 17
VisualStudioVersion = 17.7.34031.279
MinimumVisualStudioVersion = 10.0.40219.1
Project("{FAE04EC0-301F-11D3-BF4B-00C04F79EFBC}") = "mGBAHttpServer", "mGBAHttpServer.csproj", "{D3B97D91-5605-41E5-854C-B8B4AA21CB55}"
EndProject
Global
	GlobalSection(SolutionConfigurationPlatforms) = preSolution
		Debug|Any CPU = Debug|Any CPU
		Release|Any CPU = Release|Any CPU
	EndGlobalSection
	GlobalSection(ProjectConfigurationPlatforms) = postSolution
		{D3B97D91-5605-41E5-854C-B8B4AA21CB55}.Debug|Any CPU.ActiveCfg = Debug|Any CPU
		{D3B97D91-5605-41E5-854C-B8B4AA21CB55}.Debug|Any CPU.Build.0 = Debug|Any CPU
		{D3B97D91-5605-41E5-854C-B8B4AA21CB55}.Release|Any CPU.ActiveCfg = Release|Any CPU
		{D3B97D91-5605-41E5-854C-B8B4AA21CB55}.Release|Any CPU.Build.0 = Release|Any CPU
	EndGlobalSection
	GlobalSection(SolutionProperties) = preSolution
		HideSolutionNode = FALSE
	EndGlobalSection
	GlobalSection(ExtensibilityGlobals) = postSolution
		SolutionGuid = {A7A1D3A3-495F-41CC-9F73-524542643DFC}
	EndGlobalSection
EndGlobal
